<?xml version="1.0" encoding="utf-8"?>
<Project ToolsVersion="17.0" xmlns="http://schemas.microsoft.com/developer/msbuild/2003">
  <ItemGroup>
    <ClCompile Include="D:\Development\c++\virtpc\test\core\clock.cpp">
      <Filter>Source Files</Filter>
    </ClCompile>
    <ClCompile Include="D:\Development\c++\virtpc\test\core\cpu.cpp">
      <Filter>Source Files</Filter>
    </ClCompile>
    <ClCompile Include="D:\Development\c++\virtpc\test\core\executionengine.cpp">
      <Filter>Source Files</Filter>
    </ClCompile>
    <ClCompile Include="D:\Development\c++\virtpc\test\core\machine.cpp">
      <Filter>Source Files</Filter>
    </ClCompile>
    <ClCompile Include="D:\Development\c++\virtpc\test\core\mem.cpp">
      <Filter>Source Files</Filter>
    </ClCompile>
    <ClCompile Include="D:\Development\c++\virtpc\test\framework\testbase.cpp">
      <Filter>Source Files</Filter>
    </ClCompile>
    <ClCompile Include="D:\Development\c++\virtpc\test\framework\testrunner.cpp">
      <Filter>Source Files</Filter>
    </ClCompile>
    <ClCompile Include="D:\Development\c++\virtpc\test\main.cpp">
      <Filter>Source Files</Filter>
    </ClCompile>
    <ClCompile Include="D:\Development\c++\virtpc\test\microcode\microcode.cpp">
      <Filter>Source Files</Filter>
    </ClCompile>
    <ClCompile Include="D:\Development\c++\virtpc\test\util\logger.cpp">
      <Filter>Source Files</Filter>
    </ClCompile>
  </ItemGroup>
  <ItemGroup>
    <ClInclude Include="D:\Development\c++\virtpc\test\core\clock.h">
      <Filter>Header Files</Filter>
    </ClInclude>
    <ClInclude Include="D:\Development\c++\virtpc\test\core\cpu.h">
      <Filter>Header Files</Filter>
    </ClInclude>
    <ClInclude Include="D:\Development\c++\virtpc\test\core\executionengine.h">
      <Filter>Header Files</Filter>
    </ClInclude>
    <ClInclude Include="D:\Development\c++\virtpc\test\core\machine.h">
      <Filter>Header Files</Filter>
    </ClInclude>
    <ClInclude Include="D:\Development\c++\virtpc\test\core\mem.h">
      <Filter>Header Files</Filter>
    </ClInclude>
    <ClInclude Include="D:\Development\c++\virtpc\test\framework\testbase.h">
      <Filter>Header Files</Filter>
    </ClInclude>
    <ClInclude Include="D:\Development\c++\virtpc\test\framework\testfactory.h">
      <Filter>Header Files</Filter>
    </ClInclude>
    <ClInclude Include="D:\Development\c++\virtpc\test\framework\testrunner.h">
      <Filter>Header Files</Filter>
    </ClInclude>
    <ClInclude Include="D:\Development\c++\virtpc\test\framework\testrunresult.h">
      <Filter>Header Files</Filter>
    </ClInclude>
    <ClInclude Include="D:\Development\c++\virtpc\test\microcode\microcode.h">
      <Filter>Header Files</Filter>
    </ClInclude>
    <ClInclude Include="D:\Development\c++\virtpc\test\tests.h">
      <Filter>Header Files</Filter>
    </ClInclude>
    <ClInclude Include="D:\Development\c++\virtpc\test\util\logger.h">
      <Filter>Header Files</Filter>
    </ClInclude>
  </ItemGroup>
  <ItemGroup>
    <CustomBuild Include="D:\Development\c++\virtpc\CMakeLists.txt" />
  </ItemGroup>
  <ItemGroup>
    <Filter Include="Header Files">
      <UniqueIdentifier>{1DB21952-5AD9-3065-9A18-56E881AB29D1}</UniqueIdentifier>
    </Filter>
    <Filter Include="Source Files">
      <UniqueIdentifier>{83727493-C22E-3545-90CD-4CDE03AEABE4}</UniqueIdentifier>
    </Filter>
  </ItemGroup>
</Project>
